{
  "name": "Grammarly Overleaf Extension",
  "lockfileVersion": 2,
  "requires": true,
  "packages": {
    "": {
      "dependencies": {
        "@grammarly/editor-sdk": "^2.3.3"
      }
    },
    "node_modules/@grammarly/editor-sdk": {
      "version": "2.3.3",
      "resolved": "https://registry.npmjs.org/@grammarly/editor-sdk/-/editor-sdk-2.3.3.tgz",
      "integrity": "sha512-2X8y0UwHw1qas+a+m6fnhVJOJVyVB/rityN1ESTyNQgEvKZ0UGdM1yqyp6eBxV4HkrWRDQfra8RjgbwHZJzJ2A=="
    }
  },
  "dependencies": {
    "@grammarly/editor-sdk": {
      "version": "2.3.3",
      "resolved": "https://registry.npmjs.org/@grammarly/editor-sdk/-/editor-sdk-2.3.3.tgz",
      "integrity": "sha512-2X8y0UwHw1qas+a+m6fnhVJOJVyVB/rityN1ESTyNQgEvKZ0UGdM1yqyp6eBxV4HkrWRDQfra8RjgbwHZJzJ2A=="
    }
  }
}
